
Microsoft Visual Studio Solution File, Format Version 12.00
# Visual Studio Version 17
VisualStudioVersion = 17.3.32929.385
MinimumVisualStudioVersion = 10.0.40219.1
Project("{FAE04EC0-301F-11D3-BF4B-00C04F79EFBC}") = "Projeto Viagem", "Projeto Viagem\Projeto Viagem.csproj", "{0D91263D-A1FA-4311-91D2-A61C31CDF8C0}"
EndProject
Global
	GlobalSection(SolutionConfigurationPlatforms) = preSolution
		Debug|Any CPU = Debug|Any CPU
		Release|Any CPU = Release|Any CPU
	EndGlobalSection
	GlobalSection(ProjectConfigurationPlatforms) = postSolution
		{0D91263D-A1FA-4311-91D2-A61C31CDF8C0}.Debug|Any CPU.ActiveCfg = Debug|Any CPU
		{0D91263D-A1FA-4311-91D2-A61C31CDF8C0}.Debug|Any CPU.Build.0 = Debug|Any CPU
		{0D91263D-A1FA-4311-91D2-A61C31CDF8C0}.Release|Any CPU.ActiveCfg = Release|Any CPU
		{0D91263D-A1FA-4311-91D2-A61C31CDF8C0}.Release|Any CPU.Build.0 = Release|Any CPU
	EndGlobalSection
	GlobalSection(SolutionProperties) = preSolution
		HideSolutionNode = FALSE
	EndGlobalSection
	GlobalSection(ExtensibilityGlobals) = postSolution
		SolutionGuid = {39F0A3FE-C057-45BF-BECA-985C7FEB1110}
	EndGlobalSection
EndGlobal
